
Microsoft Visual Studio Solution File, Format Version 12.00
# Visual Studio Version 17
VisualStudioVersion = 17.9.34728.123
MinimumVisualStudioVersion = 10.0.40219.1
Project("{FAE04EC0-301F-11D3-BF4B-00C04F79EFBC}") = "TBToggler", "TBToggler.csproj", "{A2655F82-65C7-4F94-B3EB-1CE8EF2E37BA}"
EndProject
Global
	GlobalSection(SolutionConfigurationPlatforms) = preSolution
		Debug|Any CPU = Debug|Any CPU
		Release|Any CPU = Release|Any CPU
	EndGlobalSection
	GlobalSection(ProjectConfigurationPlatforms) = postSolution
		{A2655F82-65C7-4F94-B3EB-1CE8EF2E37BA}.Debug|Any CPU.ActiveCfg = Debug|Any CPU
		{A2655F82-65C7-4F94-B3EB-1CE8EF2E37BA}.Debug|Any CPU.Build.0 = Debug|Any CPU
		{A2655F82-65C7-4F94-B3EB-1CE8EF2E37BA}.Release|Any CPU.ActiveCfg = Release|Any CPU
		{A2655F82-65C7-4F94-B3EB-1CE8EF2E37BA}.Release|Any CPU.Build.0 = Release|Any CPU
	EndGlobalSection
	GlobalSection(SolutionProperties) = preSolution
		HideSolutionNode = FALSE
	EndGlobalSection
	GlobalSection(ExtensibilityGlobals) = postSolution
		SolutionGuid = {338F041F-3D05-4F9E-8DE9-825805FBF54A}
	EndGlobalSection
EndGlobal
